
Microsoft Visual Studio Solution File, Format Version 12.00
# Visual Studio Version 17
VisualStudioVersion = 17.5.002.0
MinimumVisualStudioVersion = 10.0.40219.1
Project("{9A19103F-16F7-4668-BE54-9A1E7A4F7556}") = "CampaignBudgetOptimizer", "CampaignBudgetOptimizer\CampaignBudgetOptimizer.csproj", "{D5EBBD33-BF7D-4C9B-86F8-AAE31F487490}"
EndProject
Global
	GlobalSection(SolutionConfigurationPlatforms) = preSolution
		Debug|Any CPU = Debug|Any CPU
		Release|Any CPU = Release|Any CPU
	EndGlobalSection
	GlobalSection(ProjectConfigurationPlatforms) = postSolution
		{D5EBBD33-BF7D-4C9B-86F8-AAE31F487490}.Debug|Any CPU.ActiveCfg = Debug|Any CPU
		{D5EBBD33-BF7D-4C9B-86F8-AAE31F487490}.Debug|Any CPU.Build.0 = Debug|Any CPU
		{D5EBBD33-BF7D-4C9B-86F8-AAE31F487490}.Release|Any CPU.ActiveCfg = Release|Any CPU
		{D5EBBD33-BF7D-4C9B-86F8-AAE31F487490}.Release|Any CPU.Build.0 = Release|Any CPU
	EndGlobalSection
	GlobalSection(SolutionProperties) = preSolution
		HideSolutionNode = FALSE
	EndGlobalSection
	GlobalSection(ExtensibilityGlobals) = postSolution
		SolutionGuid = {C2F4A5EC-01A6-4CA8-83A8-5CD545189E66}
	EndGlobalSection
EndGlobal
